
Microsoft Visual Studio Solution File, Format Version 12.00
# Visual Studio Version 17
VisualStudioVersion = 17.2.32602.215
MinimumVisualStudioVersion = 10.0.40219.1
Project("{FAE04EC0-301F-11D3-BF4B-00C04F79EFBC}") = "Algorithms", "Algorithms\Algorithms.csproj", "{95390662-30DB-4AF4-9435-BD19FB13367A}"
EndProject
Project("{FAE04EC0-301F-11D3-BF4B-00C04F79EFBC}") = "Algorithms.Tests", "Algorithms.Tests\Algorithms.Tests.csproj", "{28A3F1AE-1437-4644-BAC2-275C542F0DDF}"
EndProject
Global
	GlobalSection(SolutionConfigurationPlatforms) = preSolution
		Debug|Any CPU = Debug|Any CPU
		Release|Any CPU = Release|Any CPU
	EndGlobalSection
	GlobalSection(ProjectConfigurationPlatforms) = postSolution
		{95390662-30DB-4AF4-9435-BD19FB13367A}.Debug|Any CPU.ActiveCfg = Debug|Any CPU
		{95390662-30DB-4AF4-9435-BD19FB13367A}.Debug|Any CPU.Build.0 = Debug|Any CPU
		{95390662-30DB-4AF4-9435-BD19FB13367A}.Release|Any CPU.ActiveCfg = Release|Any CPU
		{95390662-30DB-4AF4-9435-BD19FB13367A}.Release|Any CPU.Build.0 = Release|Any CPU
		{28A3F1AE-1437-4644-BAC2-275C542F0DDF}.Debug|Any CPU.ActiveCfg = Debug|Any CPU
		{28A3F1AE-1437-4644-BAC2-275C542F0DDF}.Debug|Any CPU.Build.0 = Debug|Any CPU
		{28A3F1AE-1437-4644-BAC2-275C542F0DDF}.Release|Any CPU.ActiveCfg = Release|Any CPU
		{28A3F1AE-1437-4644-BAC2-275C542F0DDF}.Release|Any CPU.Build.0 = Release|Any CPU
	EndGlobalSection
	GlobalSection(SolutionProperties) = preSolution
		HideSolutionNode = FALSE
	EndGlobalSection
	GlobalSection(ExtensibilityGlobals) = postSolution
		SolutionGuid = {96AE9B34-904D-4AC0-9A7B-D574F6A7570C}
	EndGlobalSection
EndGlobal
